
Microsoft Visual Studio Solution File, Format Version 12.00
# Visual Studio 15
VisualStudioVersion = 15.0.28307.645
MinimumVisualStudioVersion = 10.0.40219.1
Project("{FAE04EC0-301F-11D3-BF4B-00C04F79EFBC}") = "BOOKSTORE", "BOOKSTORE\BOOKSTORE.csproj", "{D4F751C5-381F-4E43-BD09-689D9094B646}"
EndProject
Global
	GlobalSection(SolutionConfigurationPlatforms) = preSolution
		Debug|Any CPU = Debug|Any CPU
		Release|Any CPU = Release|Any CPU
	EndGlobalSection
	GlobalSection(ProjectConfigurationPlatforms) = postSolution
		{D4F751C5-381F-4E43-BD09-689D9094B646}.Debug|Any CPU.ActiveCfg = Debug|Any CPU
		{D4F751C5-381F-4E43-BD09-689D9094B646}.Debug|Any CPU.Build.0 = Debug|Any CPU
		{D4F751C5-381F-4E43-BD09-689D9094B646}.Release|Any CPU.ActiveCfg = Release|Any CPU
		{D4F751C5-381F-4E43-BD09-689D9094B646}.Release|Any CPU.Build.0 = Release|Any CPU
	EndGlobalSection
	GlobalSection(SolutionProperties) = preSolution
		HideSolutionNode = FALSE
	EndGlobalSection
	GlobalSection(ExtensibilityGlobals) = postSolution
		SolutionGuid = {4CCBF99C-4B5F-4837-9E36-D0F2E812E25D}
	EndGlobalSection
EndGlobal
